// !$*UTF8*$!
{
	archiveVersion = 1;
	classes = {
	};
	objectVersion = 50;
	objects = {

/* Begin PBXBuildFile section */
		6A6C630F225E642700B2B511 /* AppDelegate.swift in Sources */ = {isa = PBXBuildFile; fileRef = 6A6C630E225E642700B2B511 /* AppDelegate.swift */; };
		6A6C6311225E642700B2B511 /* ViewController.swift in Sources */ = {isa = PBXBuildFile; fileRef = 6A6C6310225E642700B2B511 /* ViewController.swift */; };
		6A6C6314225E642700B2B511 /* Main.storyboard in Resources */ = {isa = PBXBuildFile; fileRef = 6A6C6312225E642700B2B511 /* Main.storyboard */; };
		6A6C6316225E642B00B2B511 /* Assets.xcassets in Resources */ = {isa = PBXBuildFile; fileRef = 6A6C6315225E642B00B2B511 /* Assets.xcassets */; };
		6A6C6319225E642B00B2B511 /* LaunchScreen.storyboard in Resources */ = {isa = PBXBuildFile; fileRef = 6A6C6317225E642B00B2B511 /* LaunchScreen.storyboard */; };
		6A6C6324225E642B00B2B511 /* MatchGameTests.swift in Sources */ = {isa = PBXBuildFile; fileRef = 6A6C6323225E642B00B2B511 /* MatchGameTests.swift */; };
		6A6C632F225E642B00B2B511 /* MatchGameUITests.swift in Sources */ = {isa = PBXBuildFile; fileRef = 6A6C632E225E642B00B2B511 /* MatchGameUITests.swift */; };
		6A8DD10D22792DA900833BE3 /* GameModel.swift in Sources */ = {isa = PBXBuildFile; fileRef = 6A8DD10C22792DA900833BE3 /* GameModel.swift */; };
/* End PBXBuildFile section */

/* Begin PBXContainerItemProxy section */
		6A6C6320225E642B00B2B511 /* PBXContainerItemProxy */ = {
			isa = PBXContainerItemProxy;
			containerPortal = 6A6C6303225E642700B2B511 /* Project object */;
			proxyType = 1;
			remoteGlobalIDString = 6A6C630A225E642700B2B511;
			remoteInfo = MatchGame;
		};
		6A6C632B225E642B00B2B511 /* PBXContainerItemProxy */ = {
			isa = PBXContainerItemProxy;
			containerPortal = 6A6C6303225E642700B2B511 /* Project object */;
			proxyType = 1;
			remoteGlobalIDString = 6A6C630A225E642700B2B511;
			remoteInfo = MatchGame;
		};
/* End PBXContainerItemProxy section */

/* Begin PBXFileReference section */
		6A6C630B225E642700B2B511 /* MatchGame.app */ = {isa = PBXFileReference; explicitFileType = wrapper.application; includeInIndex = 0; path = MatchGame.app; sourceTree = BUILT_PRODUCTS_DIR; };
		6A6C630E225E642700B2B511 /* AppDelegate.swift */ = {isa = PBXFileReference; lastKnownFileType = sourcecode.swift; path = AppDelegate.swift; sourceTree = "<group>"; };
		6A6C6310225E642700B2B511 /* ViewController.swift */ = {isa = PBXFileReference; lastKnownFileType = sourcecode.swift; path = ViewController.swift; sourceTree = "<group>"; };
		6A6C6313225E642700B2B511 /* Base */ = {isa = PBXFileReference; lastKnownFileType = file.storyboard; name = Base; path = Base.lproj/Main.storyboard; sourceTree = "<group>"; };
		6A6C6315225E642B00B2B511 /* Assets.xcassets */ = {isa = PBXFileReference; lastKnownFileType = folder.assetcatalog; path = Assets.xcassets; sourceTree = "<group>"; };
		6A6C6318225E642B00B2B511 /* Base */ = {isa = PBXFileReference; lastKnownFileType = file.storyboard; name = Base; path = Base.lproj/LaunchScreen.storyboard; sourceTree = "<group>"; };
		6A6C631A225E642B00B2B511 /* Info.plist */ = {isa = PBXFileReference; lastKnownFileType = text.plist.xml; path = Info.plist; sourceTree = "<group>"; };
		6A6C631F225E642B00B2B511 /* MatchGameTests.xctest */ = {isa = PBXFileReference; explicitFileType = wrapper.cfbundle; includeInIndex = 0; path = MatchGameTests.xctest; sourceTree = BUILT_PRODUCTS_DIR; };
		6A6C6323225E642B00B2B511 /* MatchGameTests.swift */ = {isa = PBXFileReference; lastKnownFileType = sourcecode.swift; path = MatchGameTests.swift; sourceTree = "<group>"; };
		6A6C6325225E642B00B2B511 /* Info.plist */ = {isa = PBXFileReference; lastKnownFileType = text.plist.xml; path = Info.plist; sourceTree = "<group>"; };
		6A6C632A225E642B00B2B511 /* MatchGameUITests.xctest */ = {isa = PBXFileReference; explicitFileType = wrapper.cfbundle; includeInIndex = 0; path = MatchGameUITests.xctest; sourceTree = BUILT_PRODUCTS_DIR; };
		6A6C632E225E642B00B2B511 /* MatchGameUITests.swift */ = {isa = PBXFileReference; lastKnownFileType = sourcecode.swift; path = MatchGameUITests.swift; sourceTree = "<group>"; };
		6A6C6330225E642B00B2B511 /* Info.plist */ = {isa = PBXFileReference; lastKnownFileType = text.plist.xml; path = Info.plist; sourceTree = "<group>"; };
		6A8DD10C22792DA900833BE3 /* GameModel.swift */ = {isa = PBXFileReference; lastKnownFileType = sourcecode.swift; path = GameModel.swift; sourceTree = "<group>"; };
/* End PBXFileReference section */

/* Begin PBXFrameworksBuildPhase section */
		6A6C6308225E642700B2B511 /* Frameworks */ = {
			isa = PBXFrameworksBuildPhase;
			buildActionMask = 2147483647;
			files = (
			);
			runOnlyForDeploymentPostprocessing = 0;
		};
		6A6C631C225E642B00B2B511 /* Frameworks */ = {
			isa = PBXFrameworksBuildPhase;
			buildActionMask = 2147483647;
			files = (
			);
			runOnlyForDeploymentPostprocessing = 0;
		};
		6A6C6327225E642B00B2B511 /* Frameworks */ = {
			isa = PBXFrameworksBuildPhase;
			buildActionMask = 2147483647;
			files = (
			);
			runOnlyForDeploymentPostprocessing = 0;
		};
/* End PBXFrameworksBuildPhase section */

/* Begin PBXGroup section */
		6A6C6302225E642700B2B511 = {
			isa = PBXGroup;
			children = (
				6A6C630D225E642700B2B511 /* MatchGame */,
				6A6C6322225E642B00B2B511 /* MatchGameTests */,
				6A6C632D225E642B00B2B511 /* MatchGameUITests */,
				6A6C630C225E642700B2B511 /* Products */,
			);
			sourceTree = "<group>";
		};
		6A6C630C225E642700B2B511 /* Products */ = {
			isa = PBXGroup;
			children = (
				6A6C630B225E642700B2B511 /* MatchGame.app */,
				6A6C631F225E642B00B2B511 /* MatchGameTests.xctest */,
				6A6C632A225E642B00B2B511 /* MatchGameUITests.xctest */,
			);
			name = Products;
			sourceTree = "<group>";
		};
		6A6C630D225E642700B2B511 /* MatchGame */ = {
			isa = PBXGroup;
			children = (
				6A6C630E225E642700B2B511 /* AppDelegate.swift */,
				6A6C6310225E642700B2B511 /* ViewController.swift */,
				6A6C6312225E642700B2B511 /* Main.storyboard */,
				6A6C6315225E642B00B2B511 /* Assets.xcassets */,
				6A6C6317225E642B00B2B511 /* LaunchScreen.storyboard */,
				6A6C631A225E642B00B2B511 /* Info.plist */,
				6A8DD10C22792DA900833BE3 /* GameModel.swift */,
			);
			path = MatchGame;
			sourceTree = "<group>";
		};
		6A6C6322225E642B00B2B511 /* MatchGameTests */ = {
			isa = PBXGroup;
			children = (
				6A6C6323225E642B00B2B511 /* MatchGameTests.swift */,
				6A6C6325225E642B00B2B511 /* Info.plist */,
			);
			path = MatchGameTests;
			sourceTree = "<group>";
		};
		6A6C632D225E642B00B2B511 /* MatchGameUITests */ = {
			isa = PBXGroup;
			children = (
				6A6C632E225E642B00B2B511 /* MatchGameUITests.swift */,
				6A6C6330225E642B00B2B511 /* Info.plist */,
			);
			path = MatchGameUITests;
			sourceTree = "<group>";
		};
/* End PBXGroup section */

/* Begin PBXNativeTarget section */
		6A6C630A225E642700B2B511 /* MatchGame */ = {
			isa = PBXNativeTarget;
			buildConfigurationList = 6A6C6333225E642B00B2B511 /* Build configuration list for PBXNativeTarget "MatchGame" */;
			buildPhases = (
				6A6C6307225E642700B2B511 /* Sources */,
				6A6C6308225E642700B2B511 /* Frameworks */,
				6A6C6309225E642700B2B511 /* Resources */,
			);
			buildRules = (
			);
			dependencies = (
			);
			name = MatchGame;
			productName = MatchGame;
			productReference = 6A6C630B225E642700B2B511 /* MatchGame.app */;
			productType = "com.apple.product-type.application";
		};
		6A6C631E225E642B00B2B511 /* MatchGameTests */ = {
			isa = PBXNativeTarget;
			buildConfigurationList = 6A6C6336225E642B00B2B511 /* Build configuration list for PBXNativeTarget "MatchGameTests" */;
			buildPhases = (
				6A6C631B225E642B00B2B511 /* Sources */,
				6A6C631C225E642B00B2B511 /* Frameworks */,
				6A6C631D225E642B00B2B511 /* Resources */,
			);
			buildRules = (
			);
			dependencies = (
				6A6C6321225E642B00B2B511 /* PBXTargetDependency */,
			);
			name = MatchGameTests;
			productName = MatchGameTests;
			productReference = 6A6C631F225E642B00B2B511 /* MatchGameTests.xctest */;
			productType = "com.apple.product-type.bundle.unit-test";
		};
		6A6C6329225E642B00B2B511 /* MatchGameUITests */ = {
			isa = PBXNativeTarget;
			buildConfigurationList = 6A6C6339225E642B00B2B511 /* Build configuration list for PBXNativeTarget "MatchGameUITests" */;
			buildPhases = (
				6A6C6326225E642B00B2B511 /* Sources */,
				6A6C6327225E642B00B2B511 /* Frameworks */,
				6A6C6328225E642B00B2B511 /* Resources */,
			);
			buildRules = (
			);
			dependencies = (
				6A6C632C225E642B00B2B511 /* PBXTargetDependency */,
			);
			name = MatchGameUITests;
			productName = MatchGameUITests;
			productReference = 6A6C632A225E642B00B2B511 /* MatchGameUITests.xctest */;
			productType = "com.apple.product-type.bundle.ui-testing";
		};
/* End PBXNativeTarget section */

/* Begin PBXProject section */
		6A6C6303225E642700B2B511 /* Project object */ = {
			isa = PBXProject;
			attributes = {
				LastSwiftUpdateCheck = 0940;
				LastUpgradeCheck = 0940;
				ORGANIZATIONNAME = iOSDev;
				TargetAttributes = {
					6A6C630A225E642700B2B511 = {
						CreatedOnToolsVersion = 9.4.1;
					};
					6A6C631E225E642B00B2B511 = {
						CreatedOnToolsVersion = 9.4.1;
						TestTargetID = 6A6C630A225E642700B2B511;
					};
					6A6C6329225E642B00B2B511 = {
						CreatedOnToolsVersion = 9.4.1;
						TestTargetID = 6A6C630A225E642700B2B511;
					};
				};
			};
			buildConfigurationList = 6A6C6306225E642700B2B511 /* Build configuration list for PBXProject "MatchGame" */;
			compatibilityVersion = "Xcode 9.3";
			developmentRegion = en;
			hasScannedForEncodings = 0;
			knownRegions = (
				en,
				Base,
			);
			mainGroup = 6A6C6302225E642700B2B511;
			productRefGroup = 6A6C630C225E642700B2B511 /* Products */;
			projectDirPath = "";
			projectRoot = "";
			targets = (
				6A6C630A225E642700B2B511 /* MatchGame */,
				6A6C631E225E642B00B2B511 /* MatchGameTests */,
				6A6C6329225E642B00B2B511 /* MatchGameUITests */,
			);
		};
/* End PBXProject section */

/* Begin PBXResourcesBuildPhase section */
		6A6C6309225E642700B2B511 /* Resources */ = {
			isa = PBXResourcesBuildPhase;
			buildActionMask = 2147483647;
			files = (
				6A6C6319225E642B00B2B511 /* LaunchScreen.storyboard in Resources */,
				6A6C6316225E642B00B2B511 /* Assets.xcassets in Resources */,
				6A6C6314225E642700B2B511 /* Main.storyboard in Resources */,
			);
			runOnlyForDeploymentPostprocessing = 0;
		};
		6A6C631D225E642B00B2B511 /* Resources */ = {
			isa = PBXResourcesBuildPhase;
			buildActionMask = 2147483647;
			files = (
			);
			runOnlyForDeploymentPostprocessing = 0;
		};
		6A6C6328225E642B00B2B511 /* Resources */ = {
			isa = PBXResourcesBuildPhase;
			buildActionMask = 2147483647;
			files = (
			);
			runOnlyForDeploymentPostprocessing = 0;
		};
/* End PBXResourcesBuildPhase section */

/* Begin PBXSourcesBuildPhase section */
		6A6C6307225E642700B2B511 /* Sources */ = {
			isa = PBXSourcesBuildPhase;
			buildActionMask = 2147483647;
			files = (
				6A6C6311225E642700B2B511 /* ViewController.swift in Sources */,
				6A6C630F225E642700B2B511 /* AppDelegate.swift in Sources */,
				6A8DD10D22792DA900833BE3 /* GameModel.swift in Sources */,
			);
			runOnlyForDeploymentPostprocessing = 0;
		};
		6A6C631B225E642B00B2B511 /* Sources */ = {
			isa = PBXSourcesBuildPhase;
			buildActionMask = 2147483647;
			files = (
				6A6C6324225E642B00B2B511 /* MatchGameTests.swift in Sources */,
			);
			runOnlyForDeploymentPostprocessing = 0;
		};
		6A6C6326225E642B00B2B511 /* Sources */ = {
			isa = PBXSourcesBuildPhase;
			buildActionMask = 2147483647;
			files = (
				6A6C632F225E642B00B2B511 /* MatchGameUITests.swift in Sources */,
			);
			runOnlyForDeploymentPostprocessing = 0;
		};
/* End PBXSourcesBuildPhase section */

/* Begin PBXTargetDependency section */
		6A6C6321225E642B00B2B511 /* PBXTargetDependency */ = {
			isa = PBXTargetDependency;
			target = 6A6C630A225E642700B2B511 /* MatchGame */;
			targetProxy = 6A6C6320225E642B00B2B511 /* PBXContainerItemProxy */;
		};
		6A6C632C225E642B00B2B511 /* PBXTargetDependency */ = {
			isa = PBXTargetDependency;
			target = 6A6C630A225E642700B2B511 /* MatchGame */;
			targetProxy = 6A6C632B225E642B00B2B511 /* PBXContainerItemProxy */;
		};
/* End PBXTargetDependency section */

/* Begin PBXVariantGroup section */
		6A6C6312225E642700B2B511 /* Main.storyboard */ = {
			isa = PBXVariantGroup;
			children = (
				6A6C6313225E642700B2B511 /* Base */,
			);
			name = Main.storyboard;
			sourceTree = "<group>";
		};
		6A6C6317225E642B00B2B511 /* LaunchScreen.storyboard */ = {
			isa = PBXVariantGroup;
			children = (
				6A6C6318225E642B00B2B511 /* Base */,
			);
			name = LaunchScreen.storyboard;
			sourceTree = "<group>";
		};
/* End PBXVariantGroup section */

/* Begin XCBuildConfiguration section */
		6A6C6331225E642B00B2B511 /* Debug */ = {
			isa = XCBuildConfiguration;
			buildSettings = {
				ALWAYS_SEARCH_USER_PATHS = NO;
				CLANG_ANALYZER_NONNULL = YES;
				CLANG_ANALYZER_NUMBER_OBJECT_CONVERSION = YES_AGGRESSIVE;
				CLANG_CXX_LANGUAGE_STANDARD = "gnu++14";
				CLANG_CXX_LIBRARY = "libc++";
				CLANG_ENABLE_MODULES = YES;
				CLANG_ENABLE_OBJC_ARC = YES;
				CLANG_ENABLE_OBJC_WEAK = YES;
				CLANG_WARN_BLOCK_CAPTURE_AUTORELEASING = YES;
				CLANG_WARN_BOOL_CONVERSION = YES;
				CLANG_WARN_COMMA = YES;
				CLANG_WARN_CONSTANT_CONVERSION = YES;
				CLANG_WARN_DEPRECATED_OBJC_IMPLEMENTATIONS = YES;
				CLANG_WARN_DIRECT_OBJC_ISA_USAGE = YES_ERROR;
				CLANG_WARN_DOCUMENTATION_COMMENTS = YES;
				CLANG_WARN_EMPTY_BODY = YES;
				CLANG_WARN_ENUM_CONVERSION = YES;
				CLANG_WARN_INFINITE_RECURSION = YES;
				CLANG_WARN_INT_CONVERSION = YES;
				CLANG_WARN_NON_LITERAL_NULL_CONVERSION = YES;
				CLANG_WARN_OBJC_IMPLICIT_RETAIN_SELF = YES;
				CLANG_WARN_OBJC_LITERAL_CONVERSION = YES;
				CLANG_WARN_OBJC_ROOT_CLASS = YES_ERROR;
				CLANG_WARN_RANGE_LOOP_ANALYSIS = YES;
				CLANG_WARN_STRICT_PROTOTYPES = YES;
				CLANG_WARN_SUSPICIOUS_MOVE = YES;
				CLANG_WARN_UNGUARDED_AVAILABILITY = YES_AGGRESSIVE;
				CLANG_WARN_UNREACHABLE_CODE = YES;
				CLANG_WARN__DUPLICATE_METHOD_MATCH = YES;
				CODE_SIGN_IDENTITY = "iPhone Developer";
				COPY_PHASE_STRIP = NO;
				DEBUG_INFORMATION_FORMAT = dwarf;
				ENABLE_STRICT_OBJC_MSGSEND = YES;
				ENABLE_TESTABILITY = YES;
				GCC_C_LANGUAGE_STANDARD = gnu11;
				GCC_DYNAMIC_NO_PIC = NO;
				GCC_NO_COMMON_BLOCKS = YES;
				GCC_OPTIMIZATION_LEVEL = 0;
				GCC_PREPROCESSOR_DEFINITIONS = (
					"DEBUG=1",
					"$(inherited)",
				);
				GCC_WARN_64_TO_32_BIT_CONVERSION = YES;
				GCC_WARN_ABOUT_RETURN_TYPE = YES_ERROR;
				GCC_WARN_UNDECLARED_SELECTOR = YES;
				GCC_WARN_UNINITIALIZED_AUTOS = YES_AGGRESSIVE;
				GCC_WARN_UNUSED_FUNCTION = YES;
				GCC_WARN_UNUSED_VARIABLE = YES;
				IPHONEOS_DEPLOYMENT_TARGET = 11.4;
				MTL_ENABLE_DEBUG_INFO = YES;
				ONLY_ACTIVE_ARCH = YES;
				SDKROOT = iphoneos;
				SWIFT_ACTIVE_COMPILATION_CONDITIONS = DEBUG;
				SWIFT_OPTIMIZATION_LEVEL = "-Onone";
			};
			name = Debug;
		};
		6A6C6332225E642B00B2B511 /* Release */ = {
			isa = XCBuildConfiguration;
			buildSettings = {
				ALWAYS_SEARCH_USER_PATHS = NO;
				CLANG_ANALYZER_NONNULL = YES;
				CLANG_ANALYZER_NUMBER_OBJECT_CONVERSION = YES_AGGRESSIVE;
				CLANG_CXX_LANGUAGE_STANDARD = "gnu++14";
				CLANG_CXX_LIBRARY = "libc++";
				CLANG_ENABLE_MODULES = YES;
				CLANG_ENABLE_OBJC_ARC = YES;
				CLANG_ENABLE_OBJC_WEAK = YES;
				CLANG_WARN_BLOCK_CAPTURE_AUTORELEASING = YES;
				CLANG_WARN_BOOL_CONVERSION = YES;
				CLANG_WARN_COMMA = YES;
				CLANG_WARN_CONSTANT_CONVERSION = YES;
				CLANG_WARN_DEPRECATED_OBJC_IMPLEMENTATIONS = YES;
				CLANG_WARN_DIRECT_OBJC_ISA_USAGE = YES_ERROR;
				CLANG_WARN_DOCUMENTATION_COMMENTS = YES;
				CLANG_WARN_EMPTY_BODY = YES;
				CLANG_WARN_ENUM_CONVERSION = YES;
				CLANG_WARN_INFINITE_RECURSION = YES;
				CLANG_WARN_INT_CONVERSION = YES;
				CLANG_WARN_NON_LITERAL_NULL_CONVERSION = YES;
				CLANG_WARN_OBJC_IMPLICIT_RETAIN_SELF = YES;
				CLANG_WARN_OBJC_LITERAL_CONVERSION = YES;
				CLANG_WARN_OBJC_ROOT_CLASS = YES_ERROR;
				CLANG_WARN_RANGE_LOOP_ANALYSIS = YES;
				CLANG_WARN_STRICT_PROTOTYPES = YES;
				CLANG_WARN_SUSPICIOUS_MOVE = YES;
				CLANG_WARN_UNGUARDED_AVAILABILITY = YES_AGGRESSIVE;
				CLANG_WARN_UNREACHABLE_CODE = YES;
				CLANG_WARN__DUPLICATE_METHOD_MATCH = YES;
				CODE_SIGN_IDENTITY = "iPhone Developer";
				COPY_PHASE_STRIP = NO;
				DEBUG_INFORMATION_FORMAT = "dwarf-with-dsym";
				ENABLE_NS_ASSERTIONS = NO;
				ENABLE_STRICT_OBJC_MSGSEND = YES;
				GCC_C_LANGUAGE_STANDARD = gnu11;
				GCC_NO_COMMON_BLOCKS = YES;
				GCC_WARN_64_TO_32_BIT_CONVERSION = YES;
				GCC_WARN_ABOUT_RETURN_TYPE = YES_ERROR;
				GCC_WARN_UNDECLARED_SELECTOR = YES;
				GCC_WARN_UNINITIALIZED_AUTOS = YES_AGGRESSIVE;
				GCC_WARN_UNUSED_FUNCTION = YES;
				GCC_WARN_UNUSED_VARIABLE = YES;
				IPHONEOS_DEPLOYMENT_TARGET = 11.4;
				MTL_ENABLE_DEBUG_INFO = NO;
				SDKROOT = iphoneos;
				SWIFT_COMPILATION_MODE = wholemodule;
				SWIFT_OPTIMIZATION_LEVEL = "-O";
				VALIDATE_PRODUCT = YES;
			};
			name = Release;
		};
		6A6C6334225E642B00B2B511 /* Debug */ = {
			isa = XCBuildConfiguration;
			buildSettings = {
				ASSETCATALOG_COMPILER_APPICON_NAME = AppIcon;
				CODE_SIGN_STYLE = Automatic;
				INFOPLIST_FILE = MatchGame/Info.plist;
				LD_RUNPATH_SEARCH_PATHS = (
					"$(inherited)",
					"@executable_path/Frameworks",
				);
				PRODUCT_BUNDLE_IDENTIFIER = com.iosdev.MatchGame;
				PRODUCT_NAME = "$(TARGET_NAME)";
				SWIFT_VERSION = 4.0;
				TARGETED_DEVICE_FAMILY = "1,2";
			};
			name = Debug;
		};
		6A6C6335225E642B00B2B511 /* Release */ = {
			isa = XCBuildConfiguration;
			buildSettings = {
				ASSETCATALOG_COMPILER_APPICON_NAME = AppIcon;
				CODE_SIGN_STYLE = Automatic;
				INFOPLIST_FILE = MatchGame/Info.plist;
				LD_RUNPATH_SEARCH_PATHS = (
					"$(inherited)",
					"@executable_path/Frameworks",
				);
				PRODUCT_BUNDLE_IDENTIFIER = com.iosdev.MatchGame;
				PRODUCT_NAME = "$(TARGET_NAME)";
				SWIFT_VERSION = 4.0;
				TARGETED_DEVICE_FAMILY = "1,2";
			};
			name = Release;
		};
		6A6C6337225E642B00B2B511 /* Debug */ = {
			isa = XCBuildConfiguration;
			buildSettings = {
				ALWAYS_EMBED_SWIFT_STANDARD_LIBRARIES = YES;
				BUNDLE_LOADER = "$(TEST_HOST)";
				CODE_SIGN_STYLE = Automatic;
				INFOPLIST_FILE = MatchGameTests/Info.plist;
				LD_RUNPATH_SEARCH_PATHS = (
					"$(inherited)",
					"@executable_path/Frameworks",
					"@loader_path/Frameworks",
				);
				PRODUCT_BUNDLE_IDENTIFIER = com.iosdev.MatchGameTests;
				PRODUCT_NAME = "$(TARGET_NAME)";
				SWIFT_VERSION = 4.0;
				TARGETED_DEVICE_FAMILY = "1,2";
				TEST_HOST = "$(BUILT_PRODUCTS_DIR)/MatchGame.app/MatchGame";
			};
			name = Debug;
		};
		6A6C6338225E642B00B2B511 /* Release */ = {
			isa = XCBuildConfiguration;
			buildSettings = {
				ALWAYS_EMBED_SWIFT_STANDARD_LIBRARIES = YES;
				BUNDLE_LOADER = "$(TEST_HOST)";
				CODE_SIGN_STYLE = Automatic;
				INFOPLIST_FILE = MatchGameTests/Info.plist;
				LD_RUNPATH_SEARCH_PATHS = (
					"$(inherited)",
					"@executable_path/Frameworks",
					"@loader_path/Frameworks",
				);
				PRODUCT_BUNDLE_IDENTIFIER = com.iosdev.MatchGameTests;
				PRODUCT_NAME = "$(TARGET_NAME)";
				SWIFT_VERSION = 4.0;
				TARGETED_DEVICE_FAMILY = "1,2";
				TEST_HOST = "$(BUILT_PRODUCTS_DIR)/MatchGame.app/MatchGame";
			};
			name = Release;
		};
		6A6C633A225E642B00B2B511 /* Debug */ = {
			isa = XCBuildConfiguration;
			buildSettings = {
				ALWAYS_EMBED_SWIFT_STANDARD_LIBRARIES = YES;
				CODE_SIGN_STYLE = Automatic;
				INFOPLIST_FILE = MatchGameUITests/Info.plist;
				LD_RUNPATH_SEARCH_PATHS = (
					"$(inherited)",
					"@executable_path/Frameworks",
					"@loader_path/Frameworks",
				);
				PRODUCT_BUNDLE_IDENTIFIER = com.iosdev.MatchGameUITests;
				PRODUCT_NAME = "$(TARGET_NAME)";
				SWIFT_VERSION = 4.0;
				TARGETED_DEVICE_FAMILY = "1,2";
				TEST_TARGET_NAME = MatchGame;
			};
			name = Debug;
		};
		6A6C633B225E642B00B2B511 /* Release */ = {
			isa = XCBuildConfiguration;
			buildSettings = {
				ALWAYS_EMBED_SWIFT_STANDARD_LIBRARIES = YES;
				CODE_SIGN_STYLE = Automatic;
				INFOPLIST_FILE = MatchGameUITests/Info.plist;
				LD_RUNPATH_SEARCH_PATHS = (
					"$(inherited)",
					"@executable_path/Frameworks",
					"@loader_path/Frameworks",
				);
				PRODUCT_BUNDLE_IDENTIFIER = com.iosdev.MatchGameUITests;
				PRODUCT_NAME = "$(TARGET_NAME)";
				SWIFT_VERSION = 4.0;
				TARGETED_DEVICE_FAMILY = "1,2";
				TEST_TARGET_NAME = MatchGame;
			};
			name = Release;
		};
/* End XCBuildConfiguration section */

/* Begin XCConfigurationList section */
		6A6C6306225E642700B2B511 /* Build configuration list for PBXProject "MatchGame" */ = {
			isa = XCConfigurationList;
			buildConfigurations = (
				6A6C6331225E642B00B2B511 /* Debug */,
				6A6C6332225E642B00B2B511 /* Release */,
			);
			defaultConfigurationIsVisible = 0;
			defaultConfigurationName = Release;
		};
		6A6C6333225E642B00B2B511 /* Build configuration list for PBXNativeTarget "MatchGame" */ = {
			isa = XCConfigurationList;
			buildConfigurations = (
				6A6C6334225E642B00B2B511 /* Debug */,
				6A6C6335225E642B00B2B511 /* Release */,
			);
			defaultConfigurationIsVisible = 0;
			defaultConfigurationName = Release;
		};
		6A6C6336225E642B00B2B511 /* Build configuration list for PBXNativeTarget "MatchGameTests" */ = {
			isa = XCConfigurationList;
			buildConfigurations = (
				6A6C6337225E642B00B2B511 /* Debug */,
				6A6C6338225E642B00B2B511 /* Release */,
			);
			defaultConfigurationIsVisible = 0;
			defaultConfigurationName = Release;
		};
		6A6C6339225E642B00B2B511 /* Build configuration list for PBXNativeTarget "MatchGameUITests" */ = {
			isa = XCConfigurationList;
			buildConfigurations = (
				6A6C633A225E642B00B2B511 /* Debug */,
				6A6C633B225E642B00B2B511 /* Release */,
			);
			defaultConfigurationIsVisible = 0;
			defaultConfigurationName = Release;
		};
/* End XCConfigurationList section */
	};
	rootObject = 6A6C6303225E642700B2B511 /* Project object */;
}
